
Microsoft Visual Studio Solution File, Format Version 12.00
# Visual Studio 14
VisualStudioVersion = 14.0.25420.1
MinimumVisualStudioVersion = 10.0.40219.1
Project("{2150E333-8FDC-42A3-9474-1A3956D46DE8}") = "Solution Items", "Solution Items", "{9F0AB666-00EC-4EE3-9001-3AA64470E8E0}"
	ProjectSection(SolutionItems) = preProject
		..\README.md = ..\README.md
		..\setup.cake = ..\setup.cake
	EndProjectSection
EndProject
Project("{FAE04EC0-301F-11D3-BF4B-00C04F79EFBC}") = "Cake.DocFx", "Cake.DocFx\Cake.DocFx.csproj", "{6EF132F8-9A11-438F-AAD4-4AFDCF752920}"
EndProject
Project("{FAE04EC0-301F-11D3-BF4B-00C04F79EFBC}") = "Cake.DocFx.Tests", "Cake.DocFx.Tests\Cake.DocFx.Tests.csproj", "{66E919D6-749E-49B0-93B9-5AC123256346}"
EndProject
Global
	GlobalSection(SolutionConfigurationPlatforms) = preSolution
		Debug|Any CPU = Debug|Any CPU
		Release|Any CPU = Release|Any CPU
	EndGlobalSection
	GlobalSection(ProjectConfigurationPlatforms) = postSolution
		{6EF132F8-9A11-438F-AAD4-4AFDCF752920}.Debug|Any CPU.ActiveCfg = Debug|Any CPU
		{6EF132F8-9A11-438F-AAD4-4AFDCF752920}.Debug|Any CPU.Build.0 = Debug|Any CPU
		{6EF132F8-9A11-438F-AAD4-4AFDCF752920}.Release|Any CPU.ActiveCfg = Release|Any CPU
		{6EF132F8-9A11-438F-AAD4-4AFDCF752920}.Release|Any CPU.Build.0 = Release|Any CPU
		{66E919D6-749E-49B0-93B9-5AC123256346}.Debug|Any CPU.ActiveCfg = Debug|Any CPU
		{66E919D6-749E-49B0-93B9-5AC123256346}.Debug|Any CPU.Build.0 = Debug|Any CPU
		{66E919D6-749E-49B0-93B9-5AC123256346}.Release|Any CPU.ActiveCfg = Release|Any CPU
		{66E919D6-749E-49B0-93B9-5AC123256346}.Release|Any CPU.Build.0 = Release|Any CPU
	EndGlobalSection
	GlobalSection(SolutionProperties) = preSolution
		HideSolutionNode = FALSE
	EndGlobalSection
EndGlobal
